// !$*UTF8*$!
{
	archiveVersion = 1;
	classes = {
	};
	objectVersion = 46;
	objects = {

/* Begin PBXBuildFile section */
		D178CA3C1A3F70600031ABAB /* AppDelegate.swift in Sources */ = {isa = PBXBuildFile; fileRef = D178CA3B1A3F70600031ABAB /* AppDelegate.swift */; };
		D178CA3F1A3F70600031ABAB /* theList.xcdatamodeld in Sources */ = {isa = PBXBuildFile; fileRef = D178CA3D1A3F70600031ABAB /* theList.xcdatamodeld */; };
		D178CA441A3F70600031ABAB /* Main.storyboard in Resources */ = {isa = PBXBuildFile; fileRef = D178CA421A3F70600031ABAB /* Main.storyboard */; };
		D178CA461A3F70600031ABAB /* Images.xcassets in Resources */ = {isa = PBXBuildFile; fileRef = D178CA451A3F70600031ABAB /* Images.xcassets */; };
		D178CA491A3F70600031ABAB /* LaunchScreen.xib in Resources */ = {isa = PBXBuildFile; fileRef = D178CA471A3F70600031ABAB /* LaunchScreen.xib */; };
		D178CA551A3F70600031ABAB /* theListTests.swift in Sources */ = {isa = PBXBuildFile; fileRef = D178CA541A3F70600031ABAB /* theListTests.swift */; };
		D178CA601A3F73050031ABAB /* FacebookSDK.framework in Frameworks */ = {isa = PBXBuildFile; fileRef = D178CA5F1A3F73050031ABAB /* FacebookSDK.framework */; };
		D178CC461A3FAAB80031ABAB /* HomeViewController.swift in Sources */ = {isa = PBXBuildFile; fileRef = D178CC441A3FAAB80031ABAB /* HomeViewController.swift */; };
		D178CC471A3FAAB80031ABAB /* LoginViewController.swift in Sources */ = {isa = PBXBuildFile; fileRef = D178CC451A3FAAB80031ABAB /* LoginViewController.swift */; };
/* End PBXBuildFile section */

/* Begin PBXContainerItemProxy section */
		D178CA4F1A3F70600031ABAB /* PBXContainerItemProxy */ = {
			isa = PBXContainerItemProxy;
			containerPortal = D178CA2E1A3F70600031ABAB /* Project object */;
			proxyType = 1;
			remoteGlobalIDString = D178CA351A3F70600031ABAB;
			remoteInfo = theList;
		};
/* End PBXContainerItemProxy section */

/* Begin PBXFileReference section */
		D178CA361A3F70600031ABAB /* theList.app */ = {isa = PBXFileReference; explicitFileType = wrapper.application; includeInIndex = 0; path = theList.app; sourceTree = BUILT_PRODUCTS_DIR; };
		D178CA3A1A3F70600031ABAB /* Info.plist */ = {isa = PBXFileReference; lastKnownFileType = text.plist.xml; path = Info.plist; sourceTree = "<group>"; };
		D178CA3B1A3F70600031ABAB /* AppDelegate.swift */ = {isa = PBXFileReference; lastKnownFileType = sourcecode.swift; path = AppDelegate.swift; sourceTree = "<group>"; };
		D178CA3E1A3F70600031ABAB /* theList.xcdatamodel */ = {isa = PBXFileReference; lastKnownFileType = wrapper.xcdatamodel; path = theList.xcdatamodel; sourceTree = "<group>"; };
		D178CA431A3F70600031ABAB /* Base */ = {isa = PBXFileReference; lastKnownFileType = file.storyboard; name = Base; path = Base.lproj/Main.storyboard; sourceTree = "<group>"; };
		D178CA451A3F70600031ABAB /* Images.xcassets */ = {isa = PBXFileReference; lastKnownFileType = folder.assetcatalog; path = Images.xcassets; sourceTree = "<group>"; };
		D178CA481A3F70600031ABAB /* Base */ = {isa = PBXFileReference; lastKnownFileType = file.xib; name = Base; path = Base.lproj/LaunchScreen.xib; sourceTree = "<group>"; };
		D178CA4E1A3F70600031ABAB /* theListTests.xctest */ = {isa = PBXFileReference; explicitFileType = wrapper.cfbundle; includeInIndex = 0; path = theListTests.xctest; sourceTree = BUILT_PRODUCTS_DIR; };
		D178CA531A3F70600031ABAB /* Info.plist */ = {isa = PBXFileReference; lastKnownFileType = text.plist.xml; path = Info.plist; sourceTree = "<group>"; };
		D178CA541A3F70600031ABAB /* theListTests.swift */ = {isa = PBXFileReference; lastKnownFileType = sourcecode.swift; path = theListTests.swift; sourceTree = "<group>"; };
		D178CA5F1A3F73050031ABAB /* FacebookSDK.framework */ = {isa = PBXFileReference; lastKnownFileType = wrapper.framework; name = FacebookSDK.framework; path = FacebookSDK/FacebookSDK.framework; sourceTree = "<group>"; };
		D178CC441A3FAAB80031ABAB /* HomeViewController.swift */ = {isa = PBXFileReference; fileEncoding = 4; lastKnownFileType = sourcecode.swift; path = HomeViewController.swift; sourceTree = "<group>"; };
		D178CC451A3FAAB80031ABAB /* LoginViewController.swift */ = {isa = PBXFileReference; fileEncoding = 4; lastKnownFileType = sourcecode.swift; path = LoginViewController.swift; sourceTree = "<group>"; };
		D178CC481A3FAB1D0031ABAB /* Bridge-Header.h */ = {isa = PBXFileReference; lastKnownFileType = sourcecode.c.h; path = "Bridge-Header.h"; sourceTree = "<group>"; };
/* End PBXFileReference section */

/* Begin PBXFrameworksBuildPhase section */
		D178CA331A3F70600031ABAB /* Frameworks */ = {
			isa = PBXFrameworksBuildPhase;
			buildActionMask = 2147483647;
			files = (
				D178CA601A3F73050031ABAB /* FacebookSDK.framework in Frameworks */,
			);
			runOnlyForDeploymentPostprocessing = 0;
		};
		D178CA4B1A3F70600031ABAB /* Frameworks */ = {
			isa = PBXFrameworksBuildPhase;
			buildActionMask = 2147483647;
			files = (
			);
			runOnlyForDeploymentPostprocessing = 0;
		};
/* End PBXFrameworksBuildPhase section */

/* Begin PBXGroup section */
		D178CA2D1A3F70600031ABAB = {
			isa = PBXGroup;
			children = (
				D178CA421A3F70600031ABAB /* Main.storyboard */,
				D178CA5F1A3F73050031ABAB /* FacebookSDK.framework */,
				D178CA381A3F70600031ABAB /* theList */,
				D178CA511A3F70600031ABAB /* theListTests */,
				D178CA371A3F70600031ABAB /* Products */,
			);
			sourceTree = "<group>";
		};
		D178CA371A3F70600031ABAB /* Products */ = {
			isa = PBXGroup;
			children = (
				D178CA361A3F70600031ABAB /* theList.app */,
				D178CA4E1A3F70600031ABAB /* theListTests.xctest */,
			);
			name = Products;
			sourceTree = "<group>";
		};
		D178CA381A3F70600031ABAB /* theList */ = {
			isa = PBXGroup;
			children = (
				D178CA631A3F73410031ABAB /* Utility Classes */,
				D178CA621A3F73240031ABAB /* Model Classes */,
				D178CA5E1A3F727E0031ABAB /* View Controllers */,
				D178CA391A3F70600031ABAB /* Supporting Files */,
			);
			path = theList;
			sourceTree = "<group>";
		};
		D178CA391A3F70600031ABAB /* Supporting Files */ = {
			isa = PBXGroup;
			children = (
				D178CC481A3FAB1D0031ABAB /* Bridge-Header.h */,
				D178CA451A3F70600031ABAB /* Images.xcassets */,
				D178CA3D1A3F70600031ABAB /* theList.xcdatamodeld */,
				D178CA471A3F70600031ABAB /* LaunchScreen.xib */,
				D178CA3A1A3F70600031ABAB /* Info.plist */,
			);
			name = "Supporting Files";
			sourceTree = "<group>";
		};
		D178CA511A3F70600031ABAB /* theListTests */ = {
			isa = PBXGroup;
			children = (
				D178CA541A3F70600031ABAB /* theListTests.swift */,
				D178CA521A3F70600031ABAB /* Supporting Files */,
			);
			path = theListTests;
			sourceTree = "<group>";
		};
		D178CA521A3F70600031ABAB /* Supporting Files */ = {
			isa = PBXGroup;
			children = (
				D178CA531A3F70600031ABAB /* Info.plist */,
			);
			name = "Supporting Files";
			sourceTree = "<group>";
		};
		D178CA5E1A3F727E0031ABAB /* View Controllers */ = {
			isa = PBXGroup;
			children = (
				D178CC441A3FAAB80031ABAB /* HomeViewController.swift */,
				D178CC451A3FAAB80031ABAB /* LoginViewController.swift */,
			);
			name = "View Controllers";
			sourceTree = "<group>";
		};
		D178CA621A3F73240031ABAB /* Model Classes */ = {
			isa = PBXGroup;
			children = (
			);
			name = "Model Classes";
			sourceTree = "<group>";
		};
		D178CA631A3F73410031ABAB /* Utility Classes */ = {
			isa = PBXGroup;
			children = (
				D178CA3B1A3F70600031ABAB /* AppDelegate.swift */,
			);
			name = "Utility Classes";
			sourceTree = "<group>";
		};
/* End PBXGroup section */

/* Begin PBXNativeTarget section */
		D178CA351A3F70600031ABAB /* theList */ = {
			isa = PBXNativeTarget;
			buildConfigurationList = D178CA581A3F70600031ABAB /* Build configuration list for PBXNativeTarget "theList" */;
			buildPhases = (
				D178CA321A3F70600031ABAB /* Sources */,
				D178CA331A3F70600031ABAB /* Frameworks */,
				D178CA341A3F70600031ABAB /* Resources */,
			);
			buildRules = (
			);
			dependencies = (
			);
			name = theList;
			productName = theList;
			productReference = D178CA361A3F70600031ABAB /* theList.app */;
			productType = "com.apple.product-type.application";
		};
		D178CA4D1A3F70600031ABAB /* theListTests */ = {
			isa = PBXNativeTarget;
			buildConfigurationList = D178CA5B1A3F70600031ABAB /* Build configuration list for PBXNativeTarget "theListTests" */;
			buildPhases = (
				D178CA4A1A3F70600031ABAB /* Sources */,
				D178CA4B1A3F70600031ABAB /* Frameworks */,
				D178CA4C1A3F70600031ABAB /* Resources */,
			);
			buildRules = (
			);
			dependencies = (
				D178CA501A3F70600031ABAB /* PBXTargetDependency */,
			);
			name = theListTests;
			productName = theListTests;
			productReference = D178CA4E1A3F70600031ABAB /* theListTests.xctest */;
			productType = "com.apple.product-type.bundle.unit-test";
		};
/* End PBXNativeTarget section */

/* Begin PBXProject section */
		D178CA2E1A3F70600031ABAB /* Project object */ = {
			isa = PBXProject;
			attributes = {
				LastUpgradeCheck = 0610;
				ORGANIZATIONNAME = "Joey Anetsberger";
				TargetAttributes = {
					D178CA351A3F70600031ABAB = {
						CreatedOnToolsVersion = 6.1.1;
					};
					D178CA4D1A3F70600031ABAB = {
						CreatedOnToolsVersion = 6.1.1;
						TestTargetID = D178CA351A3F70600031ABAB;
					};
				};
			};
			buildConfigurationList = D178CA311A3F70600031ABAB /* Build configuration list for PBXProject "theList" */;
			compatibilityVersion = "Xcode 3.2";
			developmentRegion = English;
			hasScannedForEncodings = 0;
			knownRegions = (
				en,
				Base,
			);
			mainGroup = D178CA2D1A3F70600031ABAB;
			productRefGroup = D178CA371A3F70600031ABAB /* Products */;
			projectDirPath = "";
			projectRoot = "";
			targets = (
				D178CA351A3F70600031ABAB /* theList */,
				D178CA4D1A3F70600031ABAB /* theListTests */,
			);
		};
/* End PBXProject section */

/* Begin PBXResourcesBuildPhase section */
		D178CA341A3F70600031ABAB /* Resources */ = {
			isa = PBXResourcesBuildPhase;
			buildActionMask = 2147483647;
			files = (
				D178CA441A3F70600031ABAB /* Main.storyboard in Resources */,
				D178CA491A3F70600031ABAB /* LaunchScreen.xib in Resources */,
				D178CA461A3F70600031ABAB /* Images.xcassets in Resources */,
			);
			runOnlyForDeploymentPostprocessing = 0;
		};
		D178CA4C1A3F70600031ABAB /* Resources */ = {
			isa = PBXResourcesBuildPhase;
			buildActionMask = 2147483647;
			files = (
			);
			runOnlyForDeploymentPostprocessing = 0;
		};
/* End PBXResourcesBuildPhase section */

/* Begin PBXSourcesBuildPhase section */
		D178CA321A3F70600031ABAB /* Sources */ = {
			isa = PBXSourcesBuildPhase;
			buildActionMask = 2147483647;
			files = (
				D178CC471A3FAAB80031ABAB /* LoginViewController.swift in Sources */,
				D178CA3C1A3F70600031ABAB /* AppDelegate.swift in Sources */,
				D178CA3F1A3F70600031ABAB /* theList.xcdatamodeld in Sources */,
				D178CC461A3FAAB80031ABAB /* HomeViewController.swift in Sources */,
			);
			runOnlyForDeploymentPostprocessing = 0;
		};
		D178CA4A1A3F70600031ABAB /* Sources */ = {
			isa = PBXSourcesBuildPhase;
			buildActionMask = 2147483647;
			files = (
				D178CA551A3F70600031ABAB /* theListTests.swift in Sources */,
			);
			runOnlyForDeploymentPostprocessing = 0;
		};
/* End PBXSourcesBuildPhase section */

/* Begin PBXTargetDependency section */
		D178CA501A3F70600031ABAB /* PBXTargetDependency */ = {
			isa = PBXTargetDependency;
			target = D178CA351A3F70600031ABAB /* theList */;
			targetProxy = D178CA4F1A3F70600031ABAB /* PBXContainerItemProxy */;
		};
/* End PBXTargetDependency section */

/* Begin PBXVariantGroup section */
		D178CA421A3F70600031ABAB /* Main.storyboard */ = {
			isa = PBXVariantGroup;
			children = (
				D178CA431A3F70600031ABAB /* Base */,
			);
			name = Main.storyboard;
			path = theList;
			sourceTree = "<group>";
		};
		D178CA471A3F70600031ABAB /* LaunchScreen.xib */ = {
			isa = PBXVariantGroup;
			children = (
				D178CA481A3F70600031ABAB /* Base */,
			);
			name = LaunchScreen.xib;
			sourceTree = "<group>";
		};
/* End PBXVariantGroup section */

/* Begin XCBuildConfiguration section */
		D178CA561A3F70600031ABAB /* Debug */ = {
			isa = XCBuildConfiguration;
			buildSettings = {
				ALWAYS_SEARCH_USER_PATHS = NO;
				CLANG_CXX_LANGUAGE_STANDARD = "gnu++0x";
				CLANG_CXX_LIBRARY = "libc++";
				CLANG_ENABLE_MODULES = YES;
				CLANG_ENABLE_OBJC_ARC = YES;
				CLANG_WARN_BOOL_CONVERSION = YES;
				CLANG_WARN_CONSTANT_CONVERSION = YES;
				CLANG_WARN_DIRECT_OBJC_ISA_USAGE = YES_ERROR;
				CLANG_WARN_EMPTY_BODY = YES;
				CLANG_WARN_ENUM_CONVERSION = YES;
				CLANG_WARN_INT_CONVERSION = YES;
				CLANG_WARN_OBJC_ROOT_CLASS = YES_ERROR;
				CLANG_WARN_UNREACHABLE_CODE = YES;
				CLANG_WARN__DUPLICATE_METHOD_MATCH = YES;
				"CODE_SIGN_IDENTITY[sdk=iphoneos*]" = "iPhone Developer";
				COPY_PHASE_STRIP = NO;
				ENABLE_STRICT_OBJC_MSGSEND = YES;
				GCC_C_LANGUAGE_STANDARD = gnu99;
				GCC_DYNAMIC_NO_PIC = NO;
				GCC_OPTIMIZATION_LEVEL = 0;
				GCC_PREPROCESSOR_DEFINITIONS = (
					"DEBUG=1",
					"$(inherited)",
				);
				GCC_SYMBOLS_PRIVATE_EXTERN = NO;
				GCC_WARN_64_TO_32_BIT_CONVERSION = YES;
				GCC_WARN_ABOUT_RETURN_TYPE = YES_ERROR;
				GCC_WARN_UNDECLARED_SELECTOR = YES;
				GCC_WARN_UNINITIALIZED_AUTOS = YES_AGGRESSIVE;
				GCC_WARN_UNUSED_FUNCTION = YES;
				GCC_WARN_UNUSED_VARIABLE = YES;
				IPHONEOS_DEPLOYMENT_TARGET = 8.1;
				MTL_ENABLE_DEBUG_INFO = YES;
				ONLY_ACTIVE_ARCH = YES;
				SDKROOT = iphoneos;
				SWIFT_OPTIMIZATION_LEVEL = "-Onone";
			};
			name = Debug;
		};
		D178CA571A3F70600031ABAB /* Release */ = {
			isa = XCBuildConfiguration;
			buildSettings = {
				ALWAYS_SEARCH_USER_PATHS = NO;
				CLANG_CXX_LANGUAGE_STANDARD = "gnu++0x";
				CLANG_CXX_LIBRARY = "libc++";
				CLANG_ENABLE_MODULES = YES;
				CLANG_ENABLE_OBJC_ARC = YES;
				CLANG_WARN_BOOL_CONVERSION = YES;
				CLANG_WARN_CONSTANT_CONVERSION = YES;
				CLANG_WARN_DIRECT_OBJC_ISA_USAGE = YES_ERROR;
				CLANG_WARN_EMPTY_BODY = YES;
				CLANG_WARN_ENUM_CONVERSION = YES;
				CLANG_WARN_INT_CONVERSION = YES;
				CLANG_WARN_OBJC_ROOT_CLASS = YES_ERROR;
				CLANG_WARN_UNREACHABLE_CODE = YES;
				CLANG_WARN__DUPLICATE_METHOD_MATCH = YES;
				"CODE_SIGN_IDENTITY[sdk=iphoneos*]" = "iPhone Developer";
				COPY_PHASE_STRIP = YES;
				ENABLE_NS_ASSERTIONS = NO;
				ENABLE_STRICT_OBJC_MSGSEND = YES;
				GCC_C_LANGUAGE_STANDARD = gnu99;
				GCC_WARN_64_TO_32_BIT_CONVERSION = YES;
				GCC_WARN_ABOUT_RETURN_TYPE = YES_ERROR;
				GCC_WARN_UNDECLARED_SELECTOR = YES;
				GCC_WARN_UNINITIALIZED_AUTOS = YES_AGGRESSIVE;
				GCC_WARN_UNUSED_FUNCTION = YES;
				GCC_WARN_UNUSED_VARIABLE = YES;
				IPHONEOS_DEPLOYMENT_TARGET = 8.1;
				MTL_ENABLE_DEBUG_INFO = NO;
				SDKROOT = iphoneos;
				VALIDATE_PRODUCT = YES;
			};
			name = Release;
		};
		D178CA591A3F70600031ABAB /* Debug */ = {
			isa = XCBuildConfiguration;
			buildSettings = {
				ASSETCATALOG_COMPILER_APPICON_NAME = AppIcon;
				FRAMEWORK_SEARCH_PATHS = (
					"$(inherited)",
					"$(PROJECT_DIR)/FacebookSDK",
				);
				INFOPLIST_FILE = theList/Info.plist;
				LD_RUNPATH_SEARCH_PATHS = "$(inherited) @executable_path/Frameworks";
				PRODUCT_NAME = "$(TARGET_NAME)";
				SWIFT_OBJC_BRIDGING_HEADER = "theList/Bridge-Header.h";
			};
			name = Debug;
		};
		D178CA5A1A3F70600031ABAB /* Release */ = {
			isa = XCBuildConfiguration;
			buildSettings = {
				ASSETCATALOG_COMPILER_APPICON_NAME = AppIcon;
				FRAMEWORK_SEARCH_PATHS = (
					"$(inherited)",
					"$(PROJECT_DIR)/FacebookSDK",
				);
				INFOPLIST_FILE = theList/Info.plist;
				LD_RUNPATH_SEARCH_PATHS = "$(inherited) @executable_path/Frameworks";
				PRODUCT_NAME = "$(TARGET_NAME)";
				SWIFT_OBJC_BRIDGING_HEADER = "theList/Bridge-Header.h";
			};
			name = Release;
		};
		D178CA5C1A3F70600031ABAB /* Debug */ = {
			isa = XCBuildConfiguration;
			buildSettings = {
				BUNDLE_LOADER = "$(TEST_HOST)";
				FRAMEWORK_SEARCH_PATHS = (
					"$(SDKROOT)/Developer/Library/Frameworks",
					"$(inherited)",
				);
				GCC_PREPROCESSOR_DEFINITIONS = (
					"DEBUG=1",
					"$(inherited)",
				);
				INFOPLIST_FILE = theListTests/Info.plist;
				LD_RUNPATH_SEARCH_PATHS = "$(inherited) @executable_path/Frameworks @loader_path/Frameworks";
				PRODUCT_NAME = "$(TARGET_NAME)";
				TEST_HOST = "$(BUILT_PRODUCTS_DIR)/theList.app/theList";
			};
			name = Debug;
		};
		D178CA5D1A3F70600031ABAB /* Release */ = {
			isa = XCBuildConfiguration;
			buildSettings = {
				BUNDLE_LOADER = "$(TEST_HOST)";
				FRAMEWORK_SEARCH_PATHS = (
					"$(SDKROOT)/Developer/Library/Frameworks",
					"$(inherited)",
				);
				INFOPLIST_FILE = theListTests/Info.plist;
				LD_RUNPATH_SEARCH_PATHS = "$(inherited) @executable_path/Frameworks @loader_path/Frameworks";
				PRODUCT_NAME = "$(TARGET_NAME)";
				TEST_HOST = "$(BUILT_PRODUCTS_DIR)/theList.app/theList";
			};
			name = Release;
		};
/* End XCBuildConfiguration section */

/* Begin XCConfigurationList section */
		D178CA311A3F70600031ABAB /* Build configuration list for PBXProject "theList" */ = {
			isa = XCConfigurationList;
			buildConfigurations = (
				D178CA561A3F70600031ABAB /* Debug */,
				D178CA571A3F70600031ABAB /* Release */,
			);
			defaultConfigurationIsVisible = 0;
			defaultConfigurationName = Release;
		};
		D178CA581A3F70600031ABAB /* Build configuration list for PBXNativeTarget "theList" */ = {
			isa = XCConfigurationList;
			buildConfigurations = (
				D178CA591A3F70600031ABAB /* Debug */,
				D178CA5A1A3F70600031ABAB /* Release */,
			);
			defaultConfigurationIsVisible = 0;
			defaultConfigurationName = Release;
		};
		D178CA5B1A3F70600031ABAB /* Build configuration list for PBXNativeTarget "theListTests" */ = {
			isa = XCConfigurationList;
			buildConfigurations = (
				D178CA5C1A3F70600031ABAB /* Debug */,
				D178CA5D1A3F70600031ABAB /* Release */,
			);
			defaultConfigurationIsVisible = 0;
			defaultConfigurationName = Release;
		};
/* End XCConfigurationList section */

/* Begin XCVersionGroup section */
		D178CA3D1A3F70600031ABAB /* theList.xcdatamodeld */ = {
			isa = XCVersionGroup;
			children = (
				D178CA3E1A3F70600031ABAB /* theList.xcdatamodel */,
			);
			currentVersion = D178CA3E1A3F70600031ABAB /* theList.xcdatamodel */;
			path = theList.xcdatamodeld;
			sourceTree = "<group>";
			versionGroupType = wrapper.xcdatamodel;
		};
/* End XCVersionGroup section */
	};
	rootObject = D178CA2E1A3F70600031ABAB /* Project object */;
}
